# This file is automatically @generated by Poetry 1.4.2 and should not be changed by hand.

[[package]]
name = "aws-lambda-powertools"
version = "2.13.0"
description = "AWS Lambda Powertools is a developer toolkit to implement Serverless best practices and increase developer velocity."
category = "main"
optional = false
python-versions = ">=3.7.4,<4.0.0"
files = [
    {file = "aws_lambda_powertools-2.13.0-py3-none-any.whl", hash = "sha256:f40f56ae605d8f81cfa38c88aa35f2d2d702b62130b738f4512215972cdd6e9c"},
    {file = "aws_lambda_powertools-2.13.0.tar.gz", hash = "sha256:d15bc36b2607791e6f25901eacf5f9cc83fc986dd329231f96fd6af8a7f62953"},
]

[package.dependencies]
typing-extensions = ">=4.4.0,<5.0.0"

[package.extras]
all = ["aws-xray-sdk (>=2.8.0,<3.0.0)", "fastjsonschema (>=2.14.5,<3.0.0)", "pydantic (>=1.8.2,<2.0.0)"]
aws-sdk = ["boto3 (>=1.20.32,<2.0.0)"]
parser = ["pydantic (>=1.8.2,<2.0.0)"]
tracer = ["aws-xray-sdk (>=2.8.0,<3.0.0)"]
validation = ["fastjsonschema (>=2.14.5,<3.0.0)"]

[[package]]
name = "typing-extensions"
version = "4.5.0"
description = "Backported and Experimental Type Hints for Python 3.7+"
category = "main"
optional = false
python-versions = ">=3.7"
files = [
    {file = "typing_extensions-4.5.0-py3-none-any.whl", hash = "sha256:fb33085c39dd998ac16d1431ebc293a8b3eedd00fd4a32de0ff79002c19511b4"},
    {file = "typing_extensions-4.5.0.tar.gz", hash = "sha256:5cb5f4a79139d699607b3ef622a1dedafa84e115ab0024e0d9c044a9479ca7cb"},
]

[metadata]
lock-version = "2.0"
python-versions = "^3.9"
content-hash = "21804fde155495f5bee357c87589e9ce724b17600448132d5352af55cedaf52b"
